PODS:
  - youtube-ios-player-helper (0.1.6)
  - YouTubeFloatingPlayer (2.0.1):
    - youtube-ios-player-helper

DEPENDENCIES:
  - YouTubeFloatingPlayer

SPEC REPOS:
  https://github.com/CocoaPods/Specs.git:
    - youtube-ios-player-helper
    - YouTubeFloatingPlayer

SPEC CHECKSUMS:
  youtube-ios-player-helper: 21ab92db027c7ff86cb17a3843a3f6eafc8158d2
  YouTubeFloatingPlayer: c1038d5a827a57f80bfbb36209828e2a872113a5

PODFILE CHECKSUM: 4faf09ecf799a6a2005a5741709836e43e5763d6

COCOAPODS: 1.5.0
